
Microsoft Visual Studio Solution File, Format Version 12.00
# Visual Studio Version 16
VisualStudioVersion = 16.0.31112.23
MinimumVisualStudioVersion = 10.0.40219.1
Project("{FAE04EC0-301F-11D3-BF4B-00C04F79EFBC}") = "Controlefluxoand", "Controlefluxoand.csproj", "{22A0581F-B955-450C-8EFD-0925373FDE76}"
EndProject
Global
	GlobalSection(SolutionConfigurationPlatforms) = preSolution
		Debug|Any CPU = Debug|Any CPU
		Release|Any CPU = Release|Any CPU
	EndGlobalSection
	GlobalSection(ProjectConfigurationPlatforms) = postSolution
		{22A0581F-B955-450C-8EFD-0925373FDE76}.Debug|Any CPU.ActiveCfg = Debug|Any CPU
		{22A0581F-B955-450C-8EFD-0925373FDE76}.Debug|Any CPU.Build.0 = Debug|Any CPU
		{22A0581F-B955-450C-8EFD-0925373FDE76}.Release|Any CPU.ActiveCfg = Release|Any CPU
		{22A0581F-B955-450C-8EFD-0925373FDE76}.Release|Any CPU.Build.0 = Release|Any CPU
	EndGlobalSection
	GlobalSection(SolutionProperties) = preSolution
		HideSolutionNode = FALSE
	EndGlobalSection
	GlobalSection(ExtensibilityGlobals) = postSolution
		SolutionGuid = {20CDE7C0-E23A-4AAE-85B6-C902A5CD16FC}
	EndGlobalSection
EndGlobal
